
Microsoft Visual Studio Solution File, Format Version 12.00
# Visual Studio Version 16
VisualStudioVersion = 16.0.31105.61
MinimumVisualStudioVersion = 10.0.40219.1
Project("{FAE04EC0-301F-11D3-BF4B-00C04F79EFBC}") = "BadExampleWeb", "BadExampleWeb\BadExampleWeb.csproj", "{DC4AB67E-91EA-4CB4-8295-EB2FD4897519}"
EndProject
Global
	GlobalSection(SolutionConfigurationPlatforms) = preSolution
		Debug|Any CPU = Debug|Any CPU
		Release|Any CPU = Release|Any CPU
	EndGlobalSection
	GlobalSection(ProjectConfigurationPlatforms) = postSolution
		{DC4AB67E-91EA-4CB4-8295-EB2FD4897519}.Debug|Any CPU.ActiveCfg = Debug|Any CPU
		{DC4AB67E-91EA-4CB4-8295-EB2FD4897519}.Debug|Any CPU.Build.0 = Debug|Any CPU
		{DC4AB67E-91EA-4CB4-8295-EB2FD4897519}.Release|Any CPU.ActiveCfg = Release|Any CPU
		{DC4AB67E-91EA-4CB4-8295-EB2FD4897519}.Release|Any CPU.Build.0 = Release|Any CPU
	EndGlobalSection
	GlobalSection(SolutionProperties) = preSolution
		HideSolutionNode = FALSE
	EndGlobalSection
	GlobalSection(ExtensibilityGlobals) = postSolution
		SolutionGuid = {D37D768A-9E01-4498-8896-80043A320458}
	EndGlobalSection
EndGlobal
